
Microsoft Visual Studio Solution File, Format Version 12.00
# Visual Studio 15
VisualStudioVersion = 15.0.27428.2037
MinimumVisualStudioVersion = 10.0.40219.1
Project("{FAE04EC0-301F-11D3-BF4B-00C04F79EFBC}") = "TipCalculator", "TipCalculator\TipCalculator.csproj", "{E1DD6326-44C7-4CEF-93D2-ED1EC2C87BDA}"
EndProject
Global
	GlobalSection(SolutionConfigurationPlatforms) = preSolution
		Debug|Any CPU = Debug|Any CPU
		Release|Any CPU = Release|Any CPU
	EndGlobalSection
	GlobalSection(ProjectConfigurationPlatforms) = postSolution
		{E1DD6326-44C7-4CEF-93D2-ED1EC2C87BDA}.Debug|Any CPU.ActiveCfg = Debug|Any CPU
		{E1DD6326-44C7-4CEF-93D2-ED1EC2C87BDA}.Debug|Any CPU.Build.0 = Debug|Any CPU
		{E1DD6326-44C7-4CEF-93D2-ED1EC2C87BDA}.Release|Any CPU.ActiveCfg = Release|Any CPU
		{E1DD6326-44C7-4CEF-93D2-ED1EC2C87BDA}.Release|Any CPU.Build.0 = Release|Any CPU
	EndGlobalSection
	GlobalSection(SolutionProperties) = preSolution
		HideSolutionNode = FALSE
	EndGlobalSection
	GlobalSection(ExtensibilityGlobals) = postSolution
		SolutionGuid = {3E061669-FFFD-4BF7-ADA8-D7867DF692C1}
	EndGlobalSection
EndGlobal
